
Microsoft Visual Studio Solution File, Format Version 12.00
# TcXaeShell Solution File, Format Version 11.00
VisualStudioVersion = 17.7.34302.85
MinimumVisualStudioVersion = 10.0.40219.1
Project("{B1E792BE-AA5F-4E3C-8C82-674BF9C0715B}") = "Aoc2024", "Aoc2024.tsproj", "{80CA4185-1FF2-4ECB-9CCF-4CD876DA1C2E}"
EndProject
Global
	GlobalSection(SolutionConfigurationPlatforms) = preSolution
		Debug|TwinCAT OS (ARMV7-A) = Debug|TwinCAT OS (ARMV7-A)
		Debug|TwinCAT OS (ARMV7-M) = Debug|TwinCAT OS (ARMV7-M)
		Debug|TwinCAT OS (ARMV8-A) = Debug|TwinCAT OS (ARMV8-A)
		Debug|TwinCAT OS (x64) = Debug|TwinCAT OS (x64)
		Debug|TwinCAT RT (x64) = Debug|TwinCAT RT (x64)
		Debug|TwinCAT RT (x86) = Debug|TwinCAT RT (x86)
		Release|TwinCAT OS (ARMV7-A) = Release|TwinCAT OS (ARMV7-A)
		Release|TwinCAT OS (ARMV7-M) = Release|TwinCAT OS (ARMV7-M)
		Release|TwinCAT OS (ARMV8-A) = Release|TwinCAT OS (ARMV8-A)
		Release|TwinCAT OS (x64) = Release|TwinCAT OS (x64)
		Release|TwinCAT RT (x64) = Release|TwinCAT RT (x64)
		Release|TwinCAT RT (x86) = Release|TwinCAT RT (x86)
	EndGlobalSection
	GlobalSection(ProjectConfigurationPlatforms) = postSolution
		{80CA4185-1FF2-4ECB-9CCF-4CD876DA1C2E}.Debug|TwinCAT OS (ARMV7-A).ActiveCfg = Debug|TwinCAT OS (ARMV7-A)
		{80CA4185-1FF2-4ECB-9CCF-4CD876DA1C2E}.Debug|TwinCAT OS (ARMV7-A).Build.0 = Debug|TwinCAT OS (ARMV7-A)
		{80CA4185-1FF2-4ECB-9CCF-4CD876DA1C2E}.Debug|TwinCAT OS (ARMV7-M).ActiveCfg = Debug|TwinCAT OS (ARMV7-M)
		{80CA4185-1FF2-4ECB-9CCF-4CD876DA1C2E}.Debug|TwinCAT OS (ARMV7-M).Build.0 = Debug|TwinCAT OS (ARMV7-M)
		{80CA4185-1FF2-4ECB-9CCF-4CD876DA1C2E}.Debug|TwinCAT OS (ARMV8-A).ActiveCfg = Debug|TwinCAT OS (ARMV8-A)
		{80CA4185-1FF2-4ECB-9CCF-4CD876DA1C2E}.Debug|TwinCAT OS (ARMV8-A).Build.0 = Debug|TwinCAT OS (ARMV8-A)
		{80CA4185-1FF2-4ECB-9CCF-4CD876DA1C2E}.Debug|TwinCAT OS (x64).ActiveCfg = Debug|TwinCAT OS (x64)
		{80CA4185-1FF2-4ECB-9CCF-4CD876DA1C2E}.Debug|TwinCAT OS (x64).Build.0 = Debug|TwinCAT OS (x64)
		{80CA4185-1FF2-4ECB-9CCF-4CD876DA1C2E}.Debug|TwinCAT RT (x64).ActiveCfg = Debug|TwinCAT RT (x64)
		{80CA4185-1FF2-4ECB-9CCF-4CD876DA1C2E}.Debug|TwinCAT RT (x64).Build.0 = Debug|TwinCAT RT (x64)
		{80CA4185-1FF2-4ECB-9CCF-4CD876DA1C2E}.Debug|TwinCAT RT (x86).ActiveCfg = Debug|TwinCAT RT (x86)
		{80CA4185-1FF2-4ECB-9CCF-4CD876DA1C2E}.Debug|TwinCAT RT (x86).Build.0 = Debug|TwinCAT RT (x86)
		{80CA4185-1FF2-4ECB-9CCF-4CD876DA1C2E}.Release|TwinCAT OS (ARMV7-A).ActiveCfg = Release|TwinCAT OS (ARMV7-A)
		{80CA4185-1FF2-4ECB-9CCF-4CD876DA1C2E}.Release|TwinCAT OS (ARMV7-A).Build.0 = Release|TwinCAT OS (ARMV7-A)
		{80CA4185-1FF2-4ECB-9CCF-4CD876DA1C2E}.Release|TwinCAT OS (ARMV7-M).ActiveCfg = Release|TwinCAT OS (ARMV7-M)
		{80CA4185-1FF2-4ECB-9CCF-4CD876DA1C2E}.Release|TwinCAT OS (ARMV7-M).Build.0 = Release|TwinCAT OS (ARMV7-M)
		{80CA4185-1FF2-4ECB-9CCF-4CD876DA1C2E}.Release|TwinCAT OS (ARMV8-A).ActiveCfg = Release|TwinCAT OS (ARMV8-A)
		{80CA4185-1FF2-4ECB-9CCF-4CD876DA1C2E}.Release|TwinCAT OS (ARMV8-A).Build.0 = Release|TwinCAT OS (ARMV8-A)
		{80CA4185-1FF2-4ECB-9CCF-4CD876DA1C2E}.Release|TwinCAT OS (x64).ActiveCfg = Release|TwinCAT OS (x64)
		{80CA4185-1FF2-4ECB-9CCF-4CD876DA1C2E}.Release|TwinCAT OS (x64).Build.0 = Release|TwinCAT OS (x64)
		{80CA4185-1FF2-4ECB-9CCF-4CD876DA1C2E}.Release|TwinCAT RT (x64).ActiveCfg = Release|TwinCAT RT (x64)
		{80CA4185-1FF2-4ECB-9CCF-4CD876DA1C2E}.Release|TwinCAT RT (x64).Build.0 = Release|TwinCAT RT (x64)
		{80CA4185-1FF2-4ECB-9CCF-4CD876DA1C2E}.Release|TwinCAT RT (x86).ActiveCfg = Release|TwinCAT RT (x86)
		{80CA4185-1FF2-4ECB-9CCF-4CD876DA1C2E}.Release|TwinCAT RT (x86).Build.0 = Release|TwinCAT RT (x86)
		{6F26598F-75E8-435E-BA39-CAA9AC97B62C}.Debug|TwinCAT OS (ARMV7-A).ActiveCfg = Debug|TwinCAT OS (ARMV7-A)
		{6F26598F-75E8-435E-BA39-CAA9AC97B62C}.Debug|TwinCAT OS (ARMV7-A).Build.0 = Debug|TwinCAT OS (ARMV7-A)
		{6F26598F-75E8-435E-BA39-CAA9AC97B62C}.Debug|TwinCAT OS (ARMV7-M).ActiveCfg = Debug|TwinCAT OS (ARMV7-M)
		{6F26598F-75E8-435E-BA39-CAA9AC97B62C}.Debug|TwinCAT OS (ARMV7-M).Build.0 = Debug|TwinCAT OS (ARMV7-M)
		{6F26598F-75E8-435E-BA39-CAA9AC97B62C}.Debug|TwinCAT OS (ARMV8-A).ActiveCfg = Debug|TwinCAT OS (ARMV8-A)
		{6F26598F-75E8-435E-BA39-CAA9AC97B62C}.Debug|TwinCAT OS (ARMV8-A).Build.0 = Debug|TwinCAT OS (ARMV8-A)
		{6F26598F-75E8-435E-BA39-CAA9AC97B62C}.Debug|TwinCAT OS (x64).ActiveCfg = Debug|TwinCAT OS (x64)
		{6F26598F-75E8-435E-BA39-CAA9AC97B62C}.Debug|TwinCAT OS (x64).Build.0 = Debug|TwinCAT OS (x64)
		{6F26598F-75E8-435E-BA39-CAA9AC97B62C}.Debug|TwinCAT RT (x64).ActiveCfg = Debug|TwinCAT RT (x64)
		{6F26598F-75E8-435E-BA39-CAA9AC97B62C}.Debug|TwinCAT RT (x64).Build.0 = Debug|TwinCAT RT (x64)
		{6F26598F-75E8-435E-BA39-CAA9AC97B62C}.Debug|TwinCAT RT (x86).ActiveCfg = Debug|TwinCAT RT (x86)
		{6F26598F-75E8-435E-BA39-CAA9AC97B62C}.Debug|TwinCAT RT (x86).Build.0 = Debug|TwinCAT RT (x86)
		{6F26598F-75E8-435E-BA39-CAA9AC97B62C}.Release|TwinCAT OS (ARMV7-A).ActiveCfg = Release|TwinCAT OS (ARMV7-A)
		{6F26598F-75E8-435E-BA39-CAA9AC97B62C}.Release|TwinCAT OS (ARMV7-A).Build.0 = Release|TwinCAT OS (ARMV7-A)
		{6F26598F-75E8-435E-BA39-CAA9AC97B62C}.Release|TwinCAT OS (ARMV7-M).ActiveCfg = Release|TwinCAT OS (ARMV7-M)
		{6F26598F-75E8-435E-BA39-CAA9AC97B62C}.Release|TwinCAT OS (ARMV7-M).Build.0 = Release|TwinCAT OS (ARMV7-M)
		{6F26598F-75E8-435E-BA39-CAA9AC97B62C}.Release|TwinCAT OS (ARMV8-A).ActiveCfg = Release|TwinCAT OS (ARMV8-A)
		{6F26598F-75E8-435E-BA39-CAA9AC97B62C}.Release|TwinCAT OS (ARMV8-A).Build.0 = Release|TwinCAT OS (ARMV8-A)
		{6F26598F-75E8-435E-BA39-CAA9AC97B62C}.Release|TwinCAT OS (x64).ActiveCfg = Release|TwinCAT OS (x64)
		{6F26598F-75E8-435E-BA39-CAA9AC97B62C}.Release|TwinCAT OS (x64).Build.0 = Release|TwinCAT OS (x64)
		{6F26598F-75E8-435E-BA39-CAA9AC97B62C}.Release|TwinCAT RT (x64).ActiveCfg = Release|TwinCAT RT (x64)
		{6F26598F-75E8-435E-BA39-CAA9AC97B62C}.Release|TwinCAT RT (x64).Build.0 = Release|TwinCAT RT (x64)
		{6F26598F-75E8-435E-BA39-CAA9AC97B62C}.Release|TwinCAT RT (x86).ActiveCfg = Release|TwinCAT RT (x86)
		{6F26598F-75E8-435E-BA39-CAA9AC97B62C}.Release|TwinCAT RT (x86).Build.0 = Release|TwinCAT RT (x86)
		{58718161-FE70-4095-BA2A-EF2E59BDBB33}.Debug|TwinCAT OS (ARMV7-A).ActiveCfg = Debug|TwinCAT OS (ARMV7-A)
		{58718161-FE70-4095-BA2A-EF2E59BDBB33}.Debug|TwinCAT OS (ARMV7-A).Build.0 = Debug|TwinCAT OS (ARMV7-A)
		{58718161-FE70-4095-BA2A-EF2E59BDBB33}.Debug|TwinCAT OS (ARMV7-M).ActiveCfg = Debug|TwinCAT OS (ARMV7-M)
		{58718161-FE70-4095-BA2A-EF2E59BDBB33}.Debug|TwinCAT OS (ARMV7-M).Build.0 = Debug|TwinCAT OS (ARMV7-M)
		{58718161-FE70-4095-BA2A-EF2E59BDBB33}.Debug|TwinCAT OS (ARMV8-A).ActiveCfg = Debug|TwinCAT OS (ARMV8-A)
		{58718161-FE70-4095-BA2A-EF2E59BDBB33}.Debug|TwinCAT OS (ARMV8-A).Build.0 = Debug|TwinCAT OS (ARMV8-A)
		{58718161-FE70-4095-BA2A-EF2E59BDBB33}.Debug|TwinCAT OS (x64).ActiveCfg = Debug|TwinCAT OS (x64)
		{58718161-FE70-4095-BA2A-EF2E59BDBB33}.Debug|TwinCAT OS (x64).Build.0 = Debug|TwinCAT OS (x64)
		{58718161-FE70-4095-BA2A-EF2E59BDBB33}.Debug|TwinCAT RT (x64).ActiveCfg = Debug|TwinCAT RT (x64)
		{58718161-FE70-4095-BA2A-EF2E59BDBB33}.Debug|TwinCAT RT (x64).Build.0 = Debug|TwinCAT RT (x64)
		{58718161-FE70-4095-BA2A-EF2E59BDBB33}.Debug|TwinCAT RT (x86).ActiveCfg = Debug|TwinCAT RT (x86)
		{58718161-FE70-4095-BA2A-EF2E59BDBB33}.Debug|TwinCAT RT (x86).Build.0 = Debug|TwinCAT RT (x86)
		{58718161-FE70-4095-BA2A-EF2E59BDBB33}.Release|TwinCAT OS (ARMV7-A).ActiveCfg = Release|TwinCAT OS (ARMV7-A)
		{58718161-FE70-4095-BA2A-EF2E59BDBB33}.Release|TwinCAT OS (ARMV7-A).Build.0 = Release|TwinCAT OS (ARMV7-A)
		{58718161-FE70-4095-BA2A-EF2E59BDBB33}.Release|TwinCAT OS (ARMV7-M).ActiveCfg = Release|TwinCAT OS (ARMV7-M)
		{58718161-FE70-4095-BA2A-EF2E59BDBB33}.Release|TwinCAT OS (ARMV7-M).Build.0 = Release|TwinCAT OS (ARMV7-M)
		{58718161-FE70-4095-BA2A-EF2E59BDBB33}.Release|TwinCAT OS (ARMV8-A).ActiveCfg = Release|TwinCAT OS (ARMV8-A)
		{58718161-FE70-4095-BA2A-EF2E59BDBB33}.Release|TwinCAT OS (ARMV8-A).Build.0 = Release|TwinCAT OS (ARMV8-A)
		{58718161-FE70-4095-BA2A-EF2E59BDBB33}.Release|TwinCAT OS (x64).ActiveCfg = Release|TwinCAT OS (x64)
		{58718161-FE70-4095-BA2A-EF2E59BDBB33}.Release|TwinCAT OS (x64).Build.0 = Release|TwinCAT OS (x64)
		{58718161-FE70-4095-BA2A-EF2E59BDBB33}.Release|TwinCAT RT (x64).ActiveCfg = Release|TwinCAT RT (x64)
		{58718161-FE70-4095-BA2A-EF2E59BDBB33}.Release|TwinCAT RT (x64).Build.0 = Release|TwinCAT RT (x64)
		{58718161-FE70-4095-BA2A-EF2E59BDBB33}.Release|TwinCAT RT (x86).ActiveCfg = Release|TwinCAT RT (x86)
		{58718161-FE70-4095-BA2A-EF2E59BDBB33}.Release|TwinCAT RT (x86).Build.0 = Release|TwinCAT RT (x86)
	EndGlobalSection
	GlobalSection(SolutionProperties) = preSolution
		HideSolutionNode = FALSE
	EndGlobalSection
	GlobalSection(ExtensibilityGlobals) = postSolution
		SolutionGuid = {9BC466D4-B4B7-4D86-B87B-443A84ADD979}
	EndGlobalSection
EndGlobal
